
Microsoft Visual Studio Solution File, Format Version 12.00
# Visual Studio Version 17
VisualStudioVersion = 17.14.36212.18
MinimumVisualStudioVersion = 10.0.40219.1
Project("{FAE04EC0-301F-11D3-BF4B-00C04F79EFBC}") = "StudentAutomation.Application", "StudentAutomation.Application\StudentAutomation.Application.csproj", "{185D18DD-C870-478C-A7AE-45DF73A85099}"
EndProject
Project("{FAE04EC0-301F-11D3-BF4B-00C04F79EFBC}") = "StudentAutomation.Domain", "StudentAutomation.Domain\StudentAutomation.Domain.csproj", "{61C71436-2306-42B6-80B9-7E76E339EE76}"
EndProject
Project("{FAE04EC0-301F-11D3-BF4B-00C04F79EFBC}") = "StudentAutomation.Infrastructure", "StudentAutomation.Infrastructure\StudentAutomation.Infrastructure.csproj", "{5689A015-3A5F-4AA8-A322-6768AC01A5FD}"
EndProject
Project("{FAE04EC0-301F-11D3-BF4B-00C04F79EFBC}") = "StudentAutomation.Core", "StudentAutomation.Core\StudentAutomation.Core.csproj", "{6DBFFC6E-9B56-A753-2445-617EA345AA63}"
EndProject
Project("{FAE04EC0-301F-11D3-BF4B-00C04F79EFBC}") = "StudentAutomation.WebAPI", "StudentAutomation.WebAPI\StudentAutomation.WebAPI.csproj", "{45D47946-7DC6-4ED6-9F61-6F38116BD38F}"
EndProject
Global
	GlobalSection(SolutionConfigurationPlatforms) = preSolution
		Debug|Any CPU = Debug|Any CPU
		Release|Any CPU = Release|Any CPU
	EndGlobalSection
	GlobalSection(ProjectConfigurationPlatforms) = postSolution
		{185D18DD-C870-478C-A7AE-45DF73A85099}.Debug|Any CPU.ActiveCfg = Debug|Any CPU
		{185D18DD-C870-478C-A7AE-45DF73A85099}.Debug|Any CPU.Build.0 = Debug|Any CPU
		{185D18DD-C870-478C-A7AE-45DF73A85099}.Release|Any CPU.ActiveCfg = Release|Any CPU
		{185D18DD-C870-478C-A7AE-45DF73A85099}.Release|Any CPU.Build.0 = Release|Any CPU
		{61C71436-2306-42B6-80B9-7E76E339EE76}.Debug|Any CPU.ActiveCfg = Debug|Any CPU
		{61C71436-2306-42B6-80B9-7E76E339EE76}.Debug|Any CPU.Build.0 = Debug|Any CPU
		{61C71436-2306-42B6-80B9-7E76E339EE76}.Release|Any CPU.ActiveCfg = Release|Any CPU
		{61C71436-2306-42B6-80B9-7E76E339EE76}.Release|Any CPU.Build.0 = Release|Any CPU
		{5689A015-3A5F-4AA8-A322-6768AC01A5FD}.Debug|Any CPU.ActiveCfg = Debug|Any CPU
		{5689A015-3A5F-4AA8-A322-6768AC01A5FD}.Debug|Any CPU.Build.0 = Debug|Any CPU
		{5689A015-3A5F-4AA8-A322-6768AC01A5FD}.Release|Any CPU.ActiveCfg = Release|Any CPU
		{5689A015-3A5F-4AA8-A322-6768AC01A5FD}.Release|Any CPU.Build.0 = Release|Any CPU
		{6DBFFC6E-9B56-A753-2445-617EA345AA63}.Debug|Any CPU.ActiveCfg = Debug|Any CPU
		{6DBFFC6E-9B56-A753-2445-617EA345AA63}.Debug|Any CPU.Build.0 = Debug|Any CPU
		{6DBFFC6E-9B56-A753-2445-617EA345AA63}.Release|Any CPU.ActiveCfg = Release|Any CPU
		{6DBFFC6E-9B56-A753-2445-617EA345AA63}.Release|Any CPU.Build.0 = Release|Any CPU
		{45D47946-7DC6-4ED6-9F61-6F38116BD38F}.Debug|Any CPU.ActiveCfg = Debug|Any CPU
		{45D47946-7DC6-4ED6-9F61-6F38116BD38F}.Debug|Any CPU.Build.0 = Debug|Any CPU
		{45D47946-7DC6-4ED6-9F61-6F38116BD38F}.Release|Any CPU.ActiveCfg = Release|Any CPU
		{45D47946-7DC6-4ED6-9F61-6F38116BD38F}.Release|Any CPU.Build.0 = Release|Any CPU
	EndGlobalSection
	GlobalSection(SolutionProperties) = preSolution
		HideSolutionNode = FALSE
	EndGlobalSection
	GlobalSection(ExtensibilityGlobals) = postSolution
		SolutionGuid = {166FEBE9-5A70-462E-834A-BEAE2D69B496}
	EndGlobalSection
EndGlobal
